{
  "name": "material",
  "version": "1.0.0",
  "lockfileVersion": 1,
  "requires": true,
  "dependencies": {
    "ngx-datatable-actions": {
      "version": "3.1.1",
      "resolved": "https://registry.npmjs.org/ngx-datatable-actions/-/ngx-datatable-actions-3.1.1.tgz",
      "integrity": "sha512-Sy5tTxlt/YNXozQ1cwDZg+2X+xEgEPieQmyhKx7X3k0v3rNFM4Y3s0Km5g8ydRl4IYz9Kf1zO4Pc7ZzKuEUfGg==",
      "requires": {
        "tslib": "^1.9.0"
      }
    },
    "tslib": {
      "version": "1.10.0",
      "resolved": "https://registry.npmjs.org/tslib/-/tslib-1.10.0.tgz",
      "integrity": "sha512-qOebF53frne81cf0S9B41ByenJ3/IuH8yJKngAX35CmiZySA0khhkovshKK+jGCaMnVomla7gVlIcc3EvKPbTQ=="
    }
  }
}
